<?xml version="1.0" encoding="utf-8"?>
<Project ToolsVersion="4.0" xmlns="http://schemas.microsoft.com/developer/msbuild/2003">
  <ItemGroup>
    <Filter Include="Source Files">
      <UniqueIdentifier>{4FC737F1-C7A5-4376-A066-2A32D752A2FF}</UniqueIdentifier>
      <Extensions>cpp;c;cc;cxx;def;odl;idl;hpj;bat;asm;asmx</Extensions>
    </Filter>
    <Filter Include="Header Files">
      <UniqueIdentifier>{93995380-89BD-4b04-88EB-625FBE52EBFB}</UniqueIdentifier>
      <Extensions>h;hh;hpp;hxx;hm;inl;inc;xsd</Extensions>
    </Filter>
    <Filter Include="Resource Files">
      <UniqueIdentifier>{00fb4531-e65a-4b71-b3ba-751b9e8b0014}</UniqueIdentifier>
    </Filter>
    <Filter Include="memory_file">
      <UniqueIdentifier>{654509c5-3ef8-4983-b643-14c0db9274be}</UniqueIdentifier>
    </Filter>
    <Filter Include="WordNet">
      <UniqueIdentifier>{9b7fc5fc-6e22-4948-a308-0586d3c71525}</UniqueIdentifier>
    </Filter>
  </ItemGroup>
  <ItemGroup>
    <ClCompile Include="dll_main.cpp">
      <Filter>Source Files</Filter>
    </ClCompile>
    <ClCompile Include="stdafx.cpp">
      <Filter>Source Files</Filter>
    </ClCompile>
    <ClCompile Include="res_file_manager.cpp">
      <Filter>memory_file</Filter>
    </ClCompile>
    <ClCompile Include="memory_file.cpp">
      <Filter>memory_file</Filter>
    </ClCompile>
    <ClCompile Include="memory_file_helper.cpp">
      <Filter>memory_file</Filter>
    </ClCompile>
    <ClCompile Include="safe_wordnet.cpp">
      <Filter>WordNet</Filter>
    </ClCompile>
    <ClCompile Include="main.cpp">
      <Filter>Source Files</Filter>
    </ClCompile>
    <ClCompile Include="semantic_calculator.cpp">
      <Filter>WordNet</Filter>
    </ClCompile>
  </ItemGroup>
  <ItemGroup>
    <ClInclude Include="resource.h">
      <Filter>Header Files</Filter>
    </ClInclude>
    <ClInclude Include="rc_helper.h">
      <Filter>Resource Files</Filter>
    </ClInclude>
    <ClInclude Include="stdafx.h">
      <Filter>Header Files</Filter>
    </ClInclude>
    <ClInclude Include="memory_file.h">
      <Filter>memory_file</Filter>
    </ClInclude>
    <ClInclude Include="memory_file_helper.h">
      <Filter>memory_file</Filter>
    </ClInclude>
    <ClInclude Include="res_file_manager.h">
      <Filter>memory_file</Filter>
    </ClInclude>
    <ClInclude Include="safe_wordnet.h">
      <Filter>WordNet</Filter>
    </ClInclude>
    <ClInclude Include="safe_wordnet_structs.h">
      <Filter>WordNet</Filter>
    </ClInclude>
    <ClInclude Include="safe_wordnet_defines.h">
      <Filter>WordNet</Filter>
    </ClInclude>
    <ClInclude Include="semantic_calculator.h">
      <Filter>WordNet</Filter>
    </ClInclude>
  </ItemGroup>
  <ItemGroup>
    <ResourceCompile Include="Resource.rc">
      <Filter>Resource Files</Filter>
    </ResourceCompile>
  </ItemGroup>
</Project>